
Microsoft Visual Studio Solution File, Format Version 12.00
# Visual Studio Version 17
VisualStudioVersion = 17.1.32210.238
MinimumVisualStudioVersion = 10.0.40219.1
Project("{9A19103F-16F7-4668-BE54-9A1E7A4F7556}") = "ProductApi", "ProductApi\ProductApi.csproj", "{9756880B-2CE5-44E7-8C11-3CB787750D4F}"
EndProject
Project("{FAE04EC0-301F-11D3-BF4B-00C04F79EFBC}") = "ClientApi", "ClientApi\ClientApi.csproj", "{F46EF6D9-23F4-432A-98A3-A8AF85694D7F}"
EndProject
Project("{FAE04EC0-301F-11D3-BF4B-00C04F79EFBC}") = "RepairApi", "RepairApi\RepairApi.csproj", "{EE8090F3-F0E9-4366-900C-4DD0C5898B75}"
EndProject
Global
	GlobalSection(SolutionConfigurationPlatforms) = preSolution
		Debug|Any CPU = Debug|Any CPU
		Release|Any CPU = Release|Any CPU
	EndGlobalSection
	GlobalSection(ProjectConfigurationPlatforms) = postSolution
		{9756880B-2CE5-44E7-8C11-3CB787750D4F}.Debug|Any CPU.ActiveCfg = Debug|Any CPU
		{9756880B-2CE5-44E7-8C11-3CB787750D4F}.Debug|Any CPU.Build.0 = Debug|Any CPU
		{9756880B-2CE5-44E7-8C11-3CB787750D4F}.Release|Any CPU.ActiveCfg = Release|Any CPU
		{9756880B-2CE5-44E7-8C11-3CB787750D4F}.Release|Any CPU.Build.0 = Release|Any CPU
		{F46EF6D9-23F4-432A-98A3-A8AF85694D7F}.Debug|Any CPU.ActiveCfg = Debug|Any CPU
		{F46EF6D9-23F4-432A-98A3-A8AF85694D7F}.Debug|Any CPU.Build.0 = Debug|Any CPU
		{F46EF6D9-23F4-432A-98A3-A8AF85694D7F}.Release|Any CPU.ActiveCfg = Release|Any CPU
		{F46EF6D9-23F4-432A-98A3-A8AF85694D7F}.Release|Any CPU.Build.0 = Release|Any CPU
		{EE8090F3-F0E9-4366-900C-4DD0C5898B75}.Debug|Any CPU.ActiveCfg = Debug|Any CPU
		{EE8090F3-F0E9-4366-900C-4DD0C5898B75}.Debug|Any CPU.Build.0 = Debug|Any CPU
		{EE8090F3-F0E9-4366-900C-4DD0C5898B75}.Release|Any CPU.ActiveCfg = Release|Any CPU
		{EE8090F3-F0E9-4366-900C-4DD0C5898B75}.Release|Any CPU.Build.0 = Release|Any CPU
	EndGlobalSection
	GlobalSection(SolutionProperties) = preSolution
		HideSolutionNode = FALSE
	EndGlobalSection
	GlobalSection(ExtensibilityGlobals) = postSolution
		SolutionGuid = {5DB429DE-5958-4ED9-B45E-3BE351D14208}
	EndGlobalSection
EndGlobal
